
Microsoft Visual Studio Solution File, Format Version 12.00
# Visual Studio 15
VisualStudioVersion = 15.0.28307.136
MinimumVisualStudioVersion = 10.0.40219.1
Project("{8BC9CEB8-8B4A-11D0-8D11-00A0C91BC942}") = "CH17", "CH17\CH17.vcxproj", "{C6A7CA98-6A92-42E2-B16A-0CF5C2AF66FD}"
EndProject
Global
	GlobalSection(SolutionConfigurationPlatforms) = preSolution
		Debug|x64 = Debug|x64
		Debug|x86 = Debug|x86
		Release|x64 = Release|x64
		Release|x86 = Release|x86
	EndGlobalSection
	GlobalSection(ProjectConfigurationPlatforms) = postSolution
		{C6A7CA98-6A92-42E2-B16A-0CF5C2AF66FD}.Debug|x64.ActiveCfg = Debug|x64
		{C6A7CA98-6A92-42E2-B16A-0CF5C2AF66FD}.Debug|x64.Build.0 = Debug|x64
		{C6A7CA98-6A92-42E2-B16A-0CF5C2AF66FD}.Debug|x86.ActiveCfg = Debug|Win32
		{C6A7CA98-6A92-42E2-B16A-0CF5C2AF66FD}.Debug|x86.Build.0 = Debug|Win32
		{C6A7CA98-6A92-42E2-B16A-0CF5C2AF66FD}.Release|x64.ActiveCfg = Release|x64
		{C6A7CA98-6A92-42E2-B16A-0CF5C2AF66FD}.Release|x64.Build.0 = Release|x64
		{C6A7CA98-6A92-42E2-B16A-0CF5C2AF66FD}.Release|x86.ActiveCfg = Release|Win32
		{C6A7CA98-6A92-42E2-B16A-0CF5C2AF66FD}.Release|x86.Build.0 = Release|Win32
	EndGlobalSection
	GlobalSection(SolutionProperties) = preSolution
		HideSolutionNode = FALSE
	EndGlobalSection
	GlobalSection(ExtensibilityGlobals) = postSolution
		SolutionGuid = {6ED84DD3-48D2-4760-903D-3727A9486F0C}
	EndGlobalSection
EndGlobal
